{
  "nodes": {
    "flake-parts": {
      "inputs": {
        "nixpkgs-lib": "nixpkgs-lib"
      },
      "locked": {
        "lastModified": 1769996383,
        "narHash": "sha256-AnYjnFWgS49RlqX7LrC4uA+sCCDBj0Ry/WOJ5XWAsa0=",
        "owner": "hercules-ci",
        "repo": "flake-parts",
        "rev": "57928607ea566b5db3ad13af0e57e921e6b12381",
        "type": "github"
      },
      "original": {
        "owner": "hercules-ci",
        "repo": "flake-parts",
        "type": "github"
      }
    },
    "nixCats": {
      "locked": {
        "lastModified": 1769578476,
        "narHash": "sha256-4+KbiBcC6hQ3sh0UbPXjy6TOfLh9yhskRlfPzyZ2FH4=",
        "owner": "BirdeeHub",
        "repo": "nixCats-nvim",
        "rev": "48f8be4bdafccfa19ceaaf08071a15eca36fdb1d",
        "type": "github"
      },
      "original": {
        "owner": "BirdeeHub",
        "repo": "nixCats-nvim",
        "type": "github"
      }
    },
    "nixpkgs": {
      "locked": {
        "lastModified": 1770169770,
        "narHash": "sha256-awR8qIwJxJJiOmcEGgP2KUqYmHG4v/z8XpL9z8FnT1A=",
        "owner": "nixos",
        "repo": "nixpkgs",
        "rev": "aa290c9891fa4ebe88f8889e59633d20cc06a5f2",
        "type": "github"
      },
      "original": {
        "owner": "nixos",
        "ref": "nixpkgs-unstable",
        "repo": "nixpkgs",
        "type": "github"
      }
    },
    "nixpkgs-lib": {
      "locked": {
        "lastModified": 1769909678,
        "narHash": "sha256-cBEymOf4/o3FD5AZnzC3J9hLbiZ+QDT/KDuyHXVJOpM=",
        "owner": "nix-community",
        "repo": "nixpkgs.lib",
        "rev": "72716169fe93074c333e8d0173151350670b824c",
        "type": "github"
      },
      "original": {
        "owner": "nix-community",
        "repo": "nixpkgs.lib",
        "type": "github"
      }
    },
    "plugins-lze": {
      "flake": false,
      "locked": {
        "lastModified": 1769938695,
        "narHash": "sha256-TJ6/xiFwyImPN2ABjsDymluhk2v3MVhetH+dTJAXMFI=",
        "owner": "BirdeeHub",
        "repo": "lze",
        "rev": "2b5e081f48df165c1e67050bc0b85a4c939e0827",
        "type": "github"
      },
      "original": {
        "owner": "BirdeeHub",
        "repo": "lze",
        "type": "github"
      }
    },
    "plugins-lzextras": {
      "flake": false,
      "locked": {
        "lastModified": 1770073207,
        "narHash": "sha256-hWIN/wuDpSu8xwqPmdjQREKMbnPeo/nUybu3Z2q/emY=",
        "owner": "BirdeeHub",
        "repo": "lzextras",
        "rev": "20bfe66fdfb1ee1a23994acec043191aa6d54e6e",
        "type": "github"
      },
      "original": {
        "owner": "BirdeeHub",
        "repo": "lzextras",
        "type": "github"
      }
    },
    "plugins-mcphub-nvim": {
      "flake": false,
      "locked": {
        "lastModified": 1768730387,
        "narHash": "sha256-g9tPvjThz6EUk7zcY7lL+YH4lrT4x3FJ6jrNMHA8PAE=",
        "owner": "ravitemer",
        "repo": "mcphub.nvim",
        "rev": "7cd5db330f41b7bae02b2d6202218a061c3ebc1f",
        "type": "github"
      },
      "original": {
        "owner": "ravitemer",
        "repo": "mcphub.nvim",
        "type": "github"
      }
    },
    "plugins-mdx-nvim": {
      "flake": false,
      "locked": {
        "lastModified": 1764953110,
        "narHash": "sha256-QaPYSTH59j8tUa5rTY8I9VdQWLkhy8SWhNigEXHFn1c=",
        "owner": "davidmh",
        "repo": "mdx.nvim",
        "rev": "30222997ed4c0c7cc7447c4fce360fce87101bbf",
        "type": "github"
      },
      "original": {
        "owner": "davidmh",
        "repo": "mdx.nvim",
        "type": "github"
      }
    },
    "plugins-nx-nvim": {
      "flake": false,
      "locked": {
        "lastModified": 1705745682,
        "narHash": "sha256-dYP+1LzMTe8UCYq+opWtNPWweIdKDcTbrzKYxo5L0j4=",
        "owner": "Sewb21",
        "repo": "nx.nvim",
        "rev": "53f3eef7f05903d0767e8909d73eaf012a9dd971",
        "type": "github"
      },
      "original": {
        "owner": "Sewb21",
        "repo": "nx.nvim",
        "type": "github"
      }
    },
    "plugins-screenkey-nvim": {
      "flake": false,
      "locked": {
        "lastModified": 1766951600,
        "narHash": "sha256-HrVxE6dQBntp++9yll28bG17muAOj5uvzvUpulsZ800=",
        "owner": "NStefan002",
        "repo": "screenkey.nvim",
        "rev": "68f03f52faf52ccfe954e5430ce17f7590bac2a0",
        "type": "github"
      },
      "original": {
        "owner": "NStefan002",
        "repo": "screenkey.nvim",
        "type": "github"
      }
    },
    "root": {
      "inputs": {
        "flake-parts": "flake-parts",
        "nixCats": "nixCats",
        "nixpkgs": "nixpkgs",
        "plugins-lze": "plugins-lze",
        "plugins-lzextras": "plugins-lzextras",
        "plugins-mcphub-nvim": "plugins-mcphub-nvim",
        "plugins-mdx-nvim": "plugins-mdx-nvim",
        "plugins-nx-nvim": "plugins-nx-nvim",
        "plugins-screenkey-nvim": "plugins-screenkey-nvim"
      }
    }
  },
  "root": "root",
  "version": 7
}
